
Microsoft Visual Studio Solution File, Format Version 12.00
# Visual Studio Version 16
VisualStudioVersion = 16.0.30002.166
MinimumVisualStudioVersion = 10.0.40219.1
Project("{FAE04EC0-301F-11D3-BF4B-00C04F79EFBC}") = "BlazorModalDemo", "BlazorModalDemo\BlazorModalDemo.csproj", "{A750EB54-2CA2-4C42-BFAE-45DE9166BF13}"
EndProject
Global
	GlobalSection(SolutionConfigurationPlatforms) = preSolution
		Debug|Any CPU = Debug|Any CPU
		Release|Any CPU = Release|Any CPU
	EndGlobalSection
	GlobalSection(ProjectConfigurationPlatforms) = postSolution
		{A750EB54-2CA2-4C42-BFAE-45DE9166BF13}.Debug|Any CPU.ActiveCfg = Debug|Any CPU
		{A750EB54-2CA2-4C42-BFAE-45DE9166BF13}.Debug|Any CPU.Build.0 = Debug|Any CPU
		{A750EB54-2CA2-4C42-BFAE-45DE9166BF13}.Release|Any CPU.ActiveCfg = Release|Any CPU
		{A750EB54-2CA2-4C42-BFAE-45DE9166BF13}.Release|Any CPU.Build.0 = Release|Any CPU
	EndGlobalSection
	GlobalSection(SolutionProperties) = preSolution
		HideSolutionNode = FALSE
	EndGlobalSection
	GlobalSection(ExtensibilityGlobals) = postSolution
		SolutionGuid = {8EE25841-7724-4D32-8A6B-212F660B1FF0}
	EndGlobalSection
EndGlobal
